// !$*UTF8*$!
{
	archiveVersion = 1;
	classes = {
	};
	objectVersion = 50;
	objects = {

/* Begin PBXBuildFile section */
		1102E2A122959A2100B8CA23 /* OptionsVC.swift in Sources */ = {isa = PBXBuildFile; fileRef = 1102E2A022959A2100B8CA23 /* OptionsVC.swift */; };
		1102E2A32295B99F00B8CA23 /* OptionsControl.swift in Sources */ = {isa = PBXBuildFile; fileRef = 1102E2A22295B99F00B8CA23 /* OptionsControl.swift */; };
		1102E2A52295C9D200B8CA23 /* SoloGameVC.swift in Sources */ = {isa = PBXBuildFile; fileRef = 1102E2A42295C9D200B8CA23 /* SoloGameVC.swift */; };
		1102E2A72295D6B000B8CA23 /* logo.png in Resources */ = {isa = PBXBuildFile; fileRef = 1102E2A62295D6B000B8CA23 /* logo.png */; };
		11586EA422AD0AAB000B71D2 /* Win.swift in Sources */ = {isa = PBXBuildFile; fileRef = 11586EA322AD0AAB000B71D2 /* Win.swift */; };
		11586EA822AD1CCE000B71D2 /* End View.swift in Sources */ = {isa = PBXBuildFile; fileRef = 11586EA722AD1CCE000B71D2 /* End View.swift */; };
		117E9D4F2286DE0B009E4112 /* AppDelegate.swift in Sources */ = {isa = PBXBuildFile; fileRef = 117E9D4E2286DE0B009E4112 /* AppDelegate.swift */; };
		117E9D512286DE0B009E4112 /* MainMenu.swift in Sources */ = {isa = PBXBuildFile; fileRef = 117E9D502286DE0B009E4112 /* MainMenu.swift */; };
		117E9D542286DE0B009E4112 /* Main.storyboard in Resources */ = {isa = PBXBuildFile; fileRef = 117E9D522286DE0B009E4112 /* Main.storyboard */; };
		117E9D562286DE0C009E4112 /* Assets.xcassets in Resources */ = {isa = PBXBuildFile; fileRef = 117E9D552286DE0C009E4112 /* Assets.xcassets */; };
		117E9D592286DE0C009E4112 /* LaunchScreen.storyboard in Resources */ = {isa = PBXBuildFile; fileRef = 117E9D572286DE0C009E4112 /* LaunchScreen.storyboard */; };
		117E9D6C2286EFAD009E4112 /* seventh.png in Resources */ = {isa = PBXBuildFile; fileRef = 117E9D632286EFAD009E4112 /* seventh.png */; };
		117E9D6D2286EFAD009E4112 /* fourth.png in Resources */ = {isa = PBXBuildFile; fileRef = 117E9D642286EFAD009E4112 /* fourth.png */; };
		117E9D6E2286EFAD009E4112 /* nineth.png in Resources */ = {isa = PBXBuildFile; fileRef = 117E9D652286EFAD009E4112 /* nineth.png */; };
		117E9D6F2286EFAD009E4112 /* eighth.png in Resources */ = {isa = PBXBuildFile; fileRef = 117E9D662286EFAD009E4112 /* eighth.png */; };
		117E9D702286EFAD009E4112 /* second.png in Resources */ = {isa = PBXBuildFile; fileRef = 117E9D672286EFAD009E4112 /* second.png */; };
		117E9D712286EFAD009E4112 /* sixth.png in Resources */ = {isa = PBXBuildFile; fileRef = 117E9D682286EFAD009E4112 /* sixth.png */; };
		117E9D722286EFAD009E4112 /* third.png in Resources */ = {isa = PBXBuildFile; fileRef = 117E9D692286EFAD009E4112 /* third.png */; };
		117E9D732286EFAD009E4112 /* first.png in Resources */ = {isa = PBXBuildFile; fileRef = 117E9D6A2286EFAD009E4112 /* first.png */; };
		117E9D742286EFAD009E4112 /* fifth.png in Resources */ = {isa = PBXBuildFile; fileRef = 117E9D6B2286EFAD009E4112 /* fifth.png */; };
		117E9D762286F4BA009E4112 /* Colors.swift in Sources */ = {isa = PBXBuildFile; fileRef = 117E9D752286F4BA009E4112 /* Colors.swift */; };
		117E9D782286F794009E4112 /* Constraints.swift in Sources */ = {isa = PBXBuildFile; fileRef = 117E9D772286F794009E4112 /* Constraints.swift */; };
		1199093222A402B300DC6E9E /* dictionaryPL.txt in Resources */ = {isa = PBXBuildFile; fileRef = 1199093022A402B300DC6E9E /* dictionaryPL.txt */; };
		1199093322A402B300DC6E9E /* dictionaryUS.txt in Resources */ = {isa = PBXBuildFile; fileRef = 1199093122A402B300DC6E9E /* dictionaryUS.txt */; };
		1199093522A402FC00DC6E9E /* gameSetUps.swift in Sources */ = {isa = PBXBuildFile; fileRef = 1199093422A402FC00DC6E9E /* gameSetUps.swift */; };
		1199093722A4030600DC6E9E /* dictionary.swift in Sources */ = {isa = PBXBuildFile; fileRef = 1199093622A4030600DC6E9E /* dictionary.swift */; };
		11CBA89922AC270E00EF1D77 /* Player.swift in Sources */ = {isa = PBXBuildFile; fileRef = 11CBA89822AC270E00EF1D77 /* Player.swift */; };
		11CBA89B22AC288A00EF1D77 /* WonOrLost.swift in Sources */ = {isa = PBXBuildFile; fileRef = 11CBA89A22AC288A00EF1D77 /* WonOrLost.swift */; };
		11FB0F6622AADD7A005350EE /* Core Functions.swift in Sources */ = {isa = PBXBuildFile; fileRef = 11FB0F6522AADD7A005350EE /* Core Functions.swift */; };
		11FB0F6822AAE8A7005350EE /* Stack Views.swift in Sources */ = {isa = PBXBuildFile; fileRef = 11FB0F6722AAE8A7005350EE /* Stack Views.swift */; };
/* End PBXBuildFile section */

/* Begin PBXFileReference section */
		1102E2A022959A2100B8CA23 /* OptionsVC.swift */ = {isa = PBXFileReference; lastKnownFileType = sourcecode.swift; path = OptionsVC.swift; sourceTree = "<group>"; };
		1102E2A22295B99F00B8CA23 /* OptionsControl.swift */ = {isa = PBXFileReference; lastKnownFileType = sourcecode.swift; path = OptionsControl.swift; sourceTree = "<group>"; };
		1102E2A42295C9D200B8CA23 /* SoloGameVC.swift */ = {isa = PBXFileReference; lastKnownFileType = sourcecode.swift; path = SoloGameVC.swift; sourceTree = "<group>"; };
		1102E2A62295D6B000B8CA23 /* logo.png */ = {isa = PBXFileReference; lastKnownFileType = image.png; path = logo.png; sourceTree = "<group>"; };
		11586EA322AD0AAB000B71D2 /* Win.swift */ = {isa = PBXFileReference; lastKnownFileType = sourcecode.swift; path = Win.swift; sourceTree = "<group>"; };
		11586EA722AD1CCE000B71D2 /* End View.swift */ = {isa = PBXFileReference; lastKnownFileType = sourcecode.swift; path = "End View.swift"; sourceTree = "<group>"; };
		117E9D4B2286DE0B009E4112 /* Hangman.app */ = {isa = PBXFileReference; explicitFileType = wrapper.application; includeInIndex = 0; path = Hangman.app; sourceTree = BUILT_PRODUCTS_DIR; };
		117E9D4E2286DE0B009E4112 /* AppDelegate.swift */ = {isa = PBXFileReference; lastKnownFileType = sourcecode.swift; path = AppDelegate.swift; sourceTree = "<group>"; };
		117E9D502286DE0B009E4112 /* MainMenu.swift */ = {isa = PBXFileReference; lastKnownFileType = sourcecode.swift; path = MainMenu.swift; sourceTree = "<group>"; };
		117E9D532286DE0B009E4112 /* Base */ = {isa = PBXFileReference; lastKnownFileType = file.storyboard; name = Base; path = Base.lproj/Main.storyboard; sourceTree = "<group>"; };
		117E9D552286DE0C009E4112 /* Assets.xcassets */ = {isa = PBXFileReference; lastKnownFileType = folder.assetcatalog; path = Assets.xcassets; sourceTree = "<group>"; };
		117E9D582286DE0C009E4112 /* Base */ = {isa = PBXFileReference; lastKnownFileType = file.storyboard; name = Base; path = Base.lproj/LaunchScreen.storyboard; sourceTree = "<group>"; };
		117E9D5A2286DE0C009E4112 /* Info.plist */ = {isa = PBXFileReference; lastKnownFileType = text.plist.xml; path = Info.plist; sourceTree = "<group>"; };
		117E9D632286EFAD009E4112 /* seventh.png */ = {isa = PBXFileReference; lastKnownFileType = image.png; path = seventh.png; sourceTree = "<group>"; };
		117E9D642286EFAD009E4112 /* fourth.png */ = {isa = PBXFileReference; lastKnownFileType = image.png; path = fourth.png; sourceTree = "<group>"; };
		117E9D652286EFAD009E4112 /* nineth.png */ = {isa = PBXFileReference; lastKnownFileType = image.png; path = nineth.png; sourceTree = "<group>"; };
		117E9D662286EFAD009E4112 /* eighth.png */ = {isa = PBXFileReference; lastKnownFileType = image.png; path = eighth.png; sourceTree = "<group>"; };
		117E9D672286EFAD009E4112 /* second.png */ = {isa = PBXFileReference; lastKnownFileType = image.png; path = second.png; sourceTree = "<group>"; };
		117E9D682286EFAD009E4112 /* sixth.png */ = {isa = PBXFileReference; lastKnownFileType = image.png; path = sixth.png; sourceTree = "<group>"; };
		117E9D692286EFAD009E4112 /* third.png */ = {isa = PBXFileReference; lastKnownFileType = image.png; path = third.png; sourceTree = "<group>"; };
		117E9D6A2286EFAD009E4112 /* first.png */ = {isa = PBXFileReference; lastKnownFileType = image.png; path = first.png; sourceTree = "<group>"; };
		117E9D6B2286EFAD009E4112 /* fifth.png */ = {isa = PBXFileReference; lastKnownFileType = image.png; path = fifth.png; sourceTree = "<group>"; };
		117E9D752286F4BA009E4112 /* Colors.swift */ = {isa = PBXFileReference; lastKnownFileType = sourcecode.swift; path = Colors.swift; sourceTree = "<group>"; };
		117E9D772286F794009E4112 /* Constraints.swift */ = {isa = PBXFileReference; lastKnownFileType = sourcecode.swift; path = Constraints.swift; sourceTree = "<group>"; };
		1199093022A402B300DC6E9E /* dictionaryPL.txt */ = {isa = PBXFileReference; fileEncoding = 4; lastKnownFileType = text; path = dictionaryPL.txt; sourceTree = "<group>"; };
		1199093122A402B300DC6E9E /* dictionaryUS.txt */ = {isa = PBXFileReference; fileEncoding = 4; lastKnownFileType = text; path = dictionaryUS.txt; sourceTree = "<group>"; };
		1199093422A402FC00DC6E9E /* gameSetUps.swift */ = {isa = PBXFileReference; fileEncoding = 4; lastKnownFileType = sourcecode.swift; path = gameSetUps.swift; sourceTree = "<group>"; };
		1199093622A4030600DC6E9E /* dictionary.swift */ = {isa = PBXFileReference; fileEncoding = 4; lastKnownFileType = sourcecode.swift; path = dictionary.swift; sourceTree = "<group>"; };
		11CBA89822AC270E00EF1D77 /* Player.swift */ = {isa = PBXFileReference; lastKnownFileType = sourcecode.swift; path = Player.swift; sourceTree = "<group>"; };
		11CBA89A22AC288A00EF1D77 /* WonOrLost.swift */ = {isa = PBXFileReference; lastKnownFileType = sourcecode.swift; path = WonOrLost.swift; sourceTree = "<group>"; };
		11FB0F6522AADD7A005350EE /* Core Functions.swift */ = {isa = PBXFileReference; lastKnownFileType = sourcecode.swift; path = "Core Functions.swift"; sourceTree = "<group>"; };
		11FB0F6722AAE8A7005350EE /* Stack Views.swift */ = {isa = PBXFileReference; lastKnownFileType = sourcecode.swift; path = "Stack Views.swift"; sourceTree = "<group>"; };
/* End PBXFileReference section */

/* Begin PBXFrameworksBuildPhase section */
		117E9D482286DE0B009E4112 /* Frameworks */ = {
			isa = PBXFrameworksBuildPhase;
			buildActionMask = 2147483647;
			files = (
			);
			runOnlyForDeploymentPostprocessing = 0;
		};
/* End PBXFrameworksBuildPhase section */

/* Begin PBXGroup section */
		11586EA022AD09C9000B71D2 /* Options */ = {
			isa = PBXGroup;
			children = (
				1102E2A22295B99F00B8CA23 /* OptionsControl.swift */,
			);
			path = Options;
			sourceTree = "<group>";
		};
		11586EA122AD09F6000B71D2 /* Appwide Setups */ = {
			isa = PBXGroup;
			children = (
				117E9D752286F4BA009E4112 /* Colors.swift */,
				117E9D772286F794009E4112 /* Constraints.swift */,
			);
			path = "Appwide Setups";
			sourceTree = "<group>";
		};
		11586EA222AD0A10000B71D2 /* ViewControllers */ = {
			isa = PBXGroup;
			children = (
				117E9D502286DE0B009E4112 /* MainMenu.swift */,
				1102E2A022959A2100B8CA23 /* OptionsVC.swift */,
				1102E2A42295C9D200B8CA23 /* SoloGameVC.swift */,
			);
			path = ViewControllers;
			sourceTree = "<group>";
		};
		11586EA522AD1967000B71D2 /* Leaderboard */ = {
			isa = PBXGroup;
			children = (
			);
			path = Leaderboard;
			sourceTree = "<group>";
		};
		11586EA622AD196F000B71D2 /* Account stats */ = {
			isa = PBXGroup;
			children = (
			);
			path = "Account stats";
			sourceTree = "<group>";
		};
		117E9D422286DE0B009E4112 = {
			isa = PBXGroup;
			children = (
				117E9D4D2286DE0B009E4112 /* Hangman App */,
				117E9D4C2286DE0B009E4112 /* Products */,
			);
			sourceTree = "<group>";
		};
		117E9D4C2286DE0B009E4112 /* Products */ = {
			isa = PBXGroup;
			children = (
				117E9D4B2286DE0B009E4112 /* Hangman.app */,
			);
			name = Products;
			sourceTree = "<group>";
		};
		117E9D4D2286DE0B009E4112 /* Hangman App */ = {
			isa = PBXGroup;
			children = (
				11586EA622AD196F000B71D2 /* Account stats */,
				11586EA522AD1967000B71D2 /* Leaderboard */,
				11586EA222AD0A10000B71D2 /* ViewControllers */,
				11586EA122AD09F6000B71D2 /* Appwide Setups */,
				11586EA022AD09C9000B71D2 /* Options */,
				11CBA89722AC26F700EF1D77 /* Player */,
				11FB0F6422AADCA4005350EE /* Single Player */,
				117E9D792286FA83009E4112 /* Words Dictionaries */,
				117E9D622286EF79009E4112 /* Hangman Images */,
				117E9D4E2286DE0B009E4112 /* AppDelegate.swift */,
				117E9D522286DE0B009E4112 /* Main.storyboard */,
				117E9D552286DE0C009E4112 /* Assets.xcassets */,
				117E9D572286DE0C009E4112 /* LaunchScreen.storyboard */,
				117E9D5A2286DE0C009E4112 /* Info.plist */,
			);
			path = "Hangman App";
			sourceTree = "<group>";
		};
		117E9D622286EF79009E4112 /* Hangman Images */ = {
			isa = PBXGroup;
			children = (
				117E9D662286EFAD009E4112 /* eighth.png */,
				117E9D6B2286EFAD009E4112 /* fifth.png */,
				117E9D6A2286EFAD009E4112 /* first.png */,
				117E9D642286EFAD009E4112 /* fourth.png */,
				117E9D652286EFAD009E4112 /* nineth.png */,
				117E9D672286EFAD009E4112 /* second.png */,
				117E9D632286EFAD009E4112 /* seventh.png */,
				117E9D682286EFAD009E4112 /* sixth.png */,
				117E9D692286EFAD009E4112 /* third.png */,
				1102E2A62295D6B000B8CA23 /* logo.png */,
			);
			path = "Hangman Images";
			sourceTree = "<group>";
		};
		117E9D792286FA83009E4112 /* Words Dictionaries */ = {
			isa = PBXGroup;
			children = (
				1199093622A4030600DC6E9E /* dictionary.swift */,
				1199093022A402B300DC6E9E /* dictionaryPL.txt */,
				1199093122A402B300DC6E9E /* dictionaryUS.txt */,
			);
			path = "Words Dictionaries";
			sourceTree = "<group>";
		};
		11CBA89722AC26F700EF1D77 /* Player */ = {
			isa = PBXGroup;
			children = (
				11CBA89822AC270E00EF1D77 /* Player.swift */,
			);
			path = Player;
			sourceTree = "<group>";
		};
		11FB0F6422AADCA4005350EE /* Single Player */ = {
			isa = PBXGroup;
			children = (
				1199093422A402FC00DC6E9E /* gameSetUps.swift */,
				11FB0F6522AADD7A005350EE /* Core Functions.swift */,
				11FB0F6722AAE8A7005350EE /* Stack Views.swift */,
				11CBA89A22AC288A00EF1D77 /* WonOrLost.swift */,
				11586EA322AD0AAB000B71D2 /* Win.swift */,
				11586EA722AD1CCE000B71D2 /* End View.swift */,
			);
			path = "Single Player";
			sourceTree = "<group>";
		};
/* End PBXGroup section */

/* Begin PBXNativeTarget section */
		117E9D4A2286DE0B009E4112 /* Hangman */ = {
			isa = PBXNativeTarget;
			buildConfigurationList = 117E9D5D2286DE0C009E4112 /* Build configuration list for PBXNativeTarget "Hangman" */;
			buildPhases = (
				117E9D472286DE0B009E4112 /* Sources */,
				117E9D482286DE0B009E4112 /* Frameworks */,
				117E9D492286DE0B009E4112 /* Resources */,
			);
			buildRules = (
			);
			dependencies = (
			);
			name = Hangman;
			productName = "Hangman App";
			productReference = 117E9D4B2286DE0B009E4112 /* Hangman.app */;
			productType = "com.apple.product-type.application";
		};
/* End PBXNativeTarget section */

/* Begin PBXProject section */
		117E9D432286DE0B009E4112 /* Project object */ = {
			isa = PBXProject;
			attributes = {
				LastSwiftUpdateCheck = 1020;
				LastUpgradeCheck = 1020;
				ORGANIZATIONNAME = "Tomasz Kielar";
				TargetAttributes = {
					117E9D4A2286DE0B009E4112 = {
						CreatedOnToolsVersion = 10.2.1;
					};
				};
			};
			buildConfigurationList = 117E9D462286DE0B009E4112 /* Build configuration list for PBXProject "Hangman" */;
			compatibilityVersion = "Xcode 9.3";
			developmentRegion = en;
			hasScannedForEncodings = 0;
			knownRegions = (
				en,
				Base,
			);
			mainGroup = 117E9D422286DE0B009E4112;
			productRefGroup = 117E9D4C2286DE0B009E4112 /* Products */;
			projectDirPath = "";
			projectRoot = "";
			targets = (
				117E9D4A2286DE0B009E4112 /* Hangman */,
			);
		};
/* End PBXProject section */

/* Begin PBXResourcesBuildPhase section */
		117E9D492286DE0B009E4112 /* Resources */ = {
			isa = PBXResourcesBuildPhase;
			buildActionMask = 2147483647;
			files = (
				1102E2A72295D6B000B8CA23 /* logo.png in Resources */,
				117E9D592286DE0C009E4112 /* LaunchScreen.storyboard in Resources */,
				117E9D732286EFAD009E4112 /* first.png in Resources */,
				1199093322A402B300DC6E9E /* dictionaryUS.txt in Resources */,
				117E9D722286EFAD009E4112 /* third.png in Resources */,
				1199093222A402B300DC6E9E /* dictionaryPL.txt in Resources */,
				117E9D712286EFAD009E4112 /* sixth.png in Resources */,
				117E9D702286EFAD009E4112 /* second.png in Resources */,
				117E9D562286DE0C009E4112 /* Assets.xcassets in Resources */,
				117E9D542286DE0B009E4112 /* Main.storyboard in Resources */,
				117E9D6D2286EFAD009E4112 /* fourth.png in Resources */,
				117E9D6C2286EFAD009E4112 /* seventh.png in Resources */,
				117E9D742286EFAD009E4112 /* fifth.png in Resources */,
				117E9D6E2286EFAD009E4112 /* nineth.png in Resources */,
				117E9D6F2286EFAD009E4112 /* eighth.png in Resources */,
			);
			runOnlyForDeploymentPostprocessing = 0;
		};
/* End PBXResourcesBuildPhase section */

/* Begin PBXSourcesBuildPhase section */
		117E9D472286DE0B009E4112 /* Sources */ = {
			isa = PBXSourcesBuildPhase;
			buildActionMask = 2147483647;
			files = (
				11586EA822AD1CCE000B71D2 /* End View.swift in Sources */,
				1199093722A4030600DC6E9E /* dictionary.swift in Sources */,
				1102E2A32295B99F00B8CA23 /* OptionsControl.swift in Sources */,
				1199093522A402FC00DC6E9E /* gameSetUps.swift in Sources */,
				11FB0F6822AAE8A7005350EE /* Stack Views.swift in Sources */,
				11CBA89922AC270E00EF1D77 /* Player.swift in Sources */,
				1102E2A122959A2100B8CA23 /* OptionsVC.swift in Sources */,
				117E9D782286F794009E4112 /* Constraints.swift in Sources */,
				117E9D512286DE0B009E4112 /* MainMenu.swift in Sources */,
				117E9D762286F4BA009E4112 /* Colors.swift in Sources */,
				11CBA89B22AC288A00EF1D77 /* WonOrLost.swift in Sources */,
				11FB0F6622AADD7A005350EE /* Core Functions.swift in Sources */,
				1102E2A52295C9D200B8CA23 /* SoloGameVC.swift in Sources */,
				11586EA422AD0AAB000B71D2 /* Win.swift in Sources */,
				117E9D4F2286DE0B009E4112 /* AppDelegate.swift in Sources */,
			);
			runOnlyForDeploymentPostprocessing = 0;
		};
/* End PBXSourcesBuildPhase section */

/* Begin PBXVariantGroup section */
		117E9D522286DE0B009E4112 /* Main.storyboard */ = {
			isa = PBXVariantGroup;
			children = (
				117E9D532286DE0B009E4112 /* Base */,
			);
			name = Main.storyboard;
			sourceTree = "<group>";
		};
		117E9D572286DE0C009E4112 /* LaunchScreen.storyboard */ = {
			isa = PBXVariantGroup;
			children = (
				117E9D582286DE0C009E4112 /* Base */,
			);
			name = LaunchScreen.storyboard;
			sourceTree = "<group>";
		};
/* End PBXVariantGroup section */

/* Begin XCBuildConfiguration section */
		117E9D5B2286DE0C009E4112 /* Debug */ = {
			isa = XCBuildConfiguration;
			buildSettings = {
				ALWAYS_SEARCH_USER_PATHS = NO;
				CLANG_ANALYZER_NONNULL = YES;
				CLANG_ANALYZER_NUMBER_OBJECT_CONVERSION = YES_AGGRESSIVE;
				CLANG_CXX_LANGUAGE_STANDARD = "gnu++14";
				CLANG_CXX_LIBRARY = "libc++";
				CLANG_ENABLE_MODULES = YES;
				CLANG_ENABLE_OBJC_ARC = YES;
				CLANG_ENABLE_OBJC_WEAK = YES;
				CLANG_WARN_BLOCK_CAPTURE_AUTORELEASING = YES;
				CLANG_WARN_BOOL_CONVERSION = YES;
				CLANG_WARN_COMMA = YES;
				CLANG_WARN_CONSTANT_CONVERSION = YES;
				CLANG_WARN_DEPRECATED_OBJC_IMPLEMENTATIONS = YES;
				CLANG_WARN_DIRECT_OBJC_ISA_USAGE = YES_ERROR;
				CLANG_WARN_DOCUMENTATION_COMMENTS = YES;
				CLANG_WARN_EMPTY_BODY = YES;
				CLANG_WARN_ENUM_CONVERSION = YES;
				CLANG_WARN_INFINITE_RECURSION = YES;
				CLANG_WARN_INT_CONVERSION = YES;
				CLANG_WARN_NON_LITERAL_NULL_CONVERSION = YES;
				CLANG_WARN_OBJC_IMPLICIT_RETAIN_SELF = YES;
				CLANG_WARN_OBJC_LITERAL_CONVERSION = YES;
				CLANG_WARN_OBJC_ROOT_CLASS = YES_ERROR;
				CLANG_WARN_RANGE_LOOP_ANALYSIS = YES;
				CLANG_WARN_STRICT_PROTOTYPES = YES;
				CLANG_WARN_SUSPICIOUS_MOVE = YES;
				CLANG_WARN_UNGUARDED_AVAILABILITY = YES_AGGRESSIVE;
				CLANG_WARN_UNREACHABLE_CODE = YES;
				CLANG_WARN__DUPLICATE_METHOD_MATCH = YES;
				CODE_SIGN_IDENTITY = "iPhone Developer";
				COPY_PHASE_STRIP = NO;
				DEBUG_INFORMATION_FORMAT = dwarf;
				ENABLE_STRICT_OBJC_MSGSEND = YES;
				ENABLE_TESTABILITY = YES;
				GCC_C_LANGUAGE_STANDARD = gnu11;
				GCC_DYNAMIC_NO_PIC = NO;
				GCC_NO_COMMON_BLOCKS = YES;
				GCC_OPTIMIZATION_LEVEL = 0;
				GCC_PREPROCESSOR_DEFINITIONS = (
					"DEBUG=1",
					"$(inherited)",
				);
				GCC_WARN_64_TO_32_BIT_CONVERSION = YES;
				GCC_WARN_ABOUT_RETURN_TYPE = YES_ERROR;
				GCC_WARN_UNDECLARED_SELECTOR = YES;
				GCC_WARN_UNINITIALIZED_AUTOS = YES_AGGRESSIVE;
				GCC_WARN_UNUSED_FUNCTION = YES;
				GCC_WARN_UNUSED_VARIABLE = YES;
				IPHONEOS_DEPLOYMENT_TARGET = 12.2;
				MTL_ENABLE_DEBUG_INFO = INCLUDE_SOURCE;
				MTL_FAST_MATH = YES;
				ONLY_ACTIVE_ARCH = YES;
				SDKROOT = iphoneos;
				SWIFT_ACTIVE_COMPILATION_CONDITIONS = DEBUG;
				SWIFT_OPTIMIZATION_LEVEL = "-Onone";
			};
			name = Debug;
		};
		117E9D5C2286DE0C009E4112 /* Release */ = {
			isa = XCBuildConfiguration;
			buildSettings = {
				ALWAYS_SEARCH_USER_PATHS = NO;
				CLANG_ANALYZER_NONNULL = YES;
				CLANG_ANALYZER_NUMBER_OBJECT_CONVERSION = YES_AGGRESSIVE;
				CLANG_CXX_LANGUAGE_STANDARD = "gnu++14";
				CLANG_CXX_LIBRARY = "libc++";
				CLANG_ENABLE_MODULES = YES;
				CLANG_ENABLE_OBJC_ARC = YES;
				CLANG_ENABLE_OBJC_WEAK = YES;
				CLANG_WARN_BLOCK_CAPTURE_AUTORELEASING = YES;
				CLANG_WARN_BOOL_CONVERSION = YES;
				CLANG_WARN_COMMA = YES;
				CLANG_WARN_CONSTANT_CONVERSION = YES;
				CLANG_WARN_DEPRECATED_OBJC_IMPLEMENTATIONS = YES;
				CLANG_WARN_DIRECT_OBJC_ISA_USAGE = YES_ERROR;
				CLANG_WARN_DOCUMENTATION_COMMENTS = YES;
				CLANG_WARN_EMPTY_BODY = YES;
				CLANG_WARN_ENUM_CONVERSION = YES;
				CLANG_WARN_INFINITE_RECURSION = YES;
				CLANG_WARN_INT_CONVERSION = YES;
				CLANG_WARN_NON_LITERAL_NULL_CONVERSION = YES;
				CLANG_WARN_OBJC_IMPLICIT_RETAIN_SELF = YES;
				CLANG_WARN_OBJC_LITERAL_CONVERSION = YES;
				CLANG_WARN_OBJC_ROOT_CLASS = YES_ERROR;
				CLANG_WARN_RANGE_LOOP_ANALYSIS = YES;
				CLANG_WARN_STRICT_PROTOTYPES = YES;
				CLANG_WARN_SUSPICIOUS_MOVE = YES;
				CLANG_WARN_UNGUARDED_AVAILABILITY = YES_AGGRESSIVE;
				CLANG_WARN_UNREACHABLE_CODE = YES;
				CLANG_WARN__DUPLICATE_METHOD_MATCH = YES;
				CODE_SIGN_IDENTITY = "iPhone Developer";
				COPY_PHASE_STRIP = NO;
				DEBUG_INFORMATION_FORMAT = "dwarf-with-dsym";
				ENABLE_NS_ASSERTIONS = NO;
				ENABLE_STRICT_OBJC_MSGSEND = YES;
				GCC_C_LANGUAGE_STANDARD = gnu11;
				GCC_NO_COMMON_BLOCKS = YES;
				GCC_WARN_64_TO_32_BIT_CONVERSION = YES;
				GCC_WARN_ABOUT_RETURN_TYPE = YES_ERROR;
				GCC_WARN_UNDECLARED_SELECTOR = YES;
				GCC_WARN_UNINITIALIZED_AUTOS = YES_AGGRESSIVE;
				GCC_WARN_UNUSED_FUNCTION = YES;
				GCC_WARN_UNUSED_VARIABLE = YES;
				IPHONEOS_DEPLOYMENT_TARGET = 12.2;
				MTL_ENABLE_DEBUG_INFO = NO;
				MTL_FAST_MATH = YES;
				SDKROOT = iphoneos;
				SWIFT_COMPILATION_MODE = wholemodule;
				SWIFT_OPTIMIZATION_LEVEL = "-O";
				VALIDATE_PRODUCT = YES;
			};
			name = Release;
		};
		117E9D5E2286DE0C009E4112 /* Debug */ = {
			isa = XCBuildConfiguration;
			buildSettings = {
				ASSETCATALOG_COMPILER_APPICON_NAME = AppIcon;
				CODE_SIGN_STYLE = Automatic;
				DEVELOPMENT_TEAM = NK7X5RKWU2;
				INFOPLIST_FILE = "Hangman App/Info.plist";
				LD_RUNPATH_SEARCH_PATHS = (
					"$(inherited)",
					"@executable_path/Frameworks",
				);
				PRODUCT_BUNDLE_IDENTIFIER = "com.kieu.Hangman-App";
				PRODUCT_NAME = "$(TARGET_NAME)";
				SWIFT_VERSION = 5.0;
				TARGETED_DEVICE_FAMILY = "1,2";
			};
			name = Debug;
		};
		117E9D5F2286DE0C009E4112 /* Release */ = {
			isa = XCBuildConfiguration;
			buildSettings = {
				ASSETCATALOG_COMPILER_APPICON_NAME = AppIcon;
				CODE_SIGN_STYLE = Automatic;
				DEVELOPMENT_TEAM = NK7X5RKWU2;
				INFOPLIST_FILE = "Hangman App/Info.plist";
				LD_RUNPATH_SEARCH_PATHS = (
					"$(inherited)",
					"@executable_path/Frameworks",
				);
				PRODUCT_BUNDLE_IDENTIFIER = "com.kieu.Hangman-App";
				PRODUCT_NAME = "$(TARGET_NAME)";
				SWIFT_VERSION = 5.0;
				TARGETED_DEVICE_FAMILY = "1,2";
			};
			name = Release;
		};
/* End XCBuildConfiguration section */

/* Begin XCConfigurationList section */
		117E9D462286DE0B009E4112 /* Build configuration list for PBXProject "Hangman" */ = {
			isa = XCConfigurationList;
			buildConfigurations = (
				117E9D5B2286DE0C009E4112 /* Debug */,
				117E9D5C2286DE0C009E4112 /* Release */,
			);
			defaultConfigurationIsVisible = 0;
			defaultConfigurationName = Release;
		};
		117E9D5D2286DE0C009E4112 /* Build configuration list for PBXNativeTarget "Hangman" */ = {
			isa = XCConfigurationList;
			buildConfigurations = (
				117E9D5E2286DE0C009E4112 /* Debug */,
				117E9D5F2286DE0C009E4112 /* Release */,
			);
			defaultConfigurationIsVisible = 0;
			defaultConfigurationName = Release;
		};
/* End XCConfigurationList section */
	};
	rootObject = 117E9D432286DE0B009E4112 /* Project object */;
}
